
Microsoft Visual Studio Solution File, Format Version 12.00
# Visual Studio Version 17
VisualStudioVersion = 17.0.31903.59
MinimumVisualStudioVersion = 10.0.40219.1
Project("{2150E333-8FDC-42A3-9474-1A3956D46DE8}") = "src", "src", "{827E0CD3-B72D-47B6-A68D-7590B98EB39B}"
EndProject
Project("{FAE04EC0-301F-11D3-BF4B-00C04F79EFBC}") = "Hw1.Algorithms", "src\Hw1.Algorithms\Hw1.Algorithms.csproj", "{50DB4FCD-71D8-4A0E-AFD1-61D4A8657737}"
EndProject
Project("{FAE04EC0-301F-11D3-BF4B-00C04F79EFBC}") = "Hw1.Algorithms.Tests", "tests\Hw1.Algorithms.Tests\Hw1.Algorithms.Tests.csproj", "{FB2B52D3-A2C9-4B6D-8823-79C4EB166177}"
EndProject
Project("{FAE04EC0-301F-11D3-BF4B-00C04F79EFBC}") = "Hw1.Benchmarks", "benchmarks\Hw1.Benchmarks\Hw1.Benchmarks.csproj", "{9E95D101-0D13-4387-883D-53BCE2D92FBD}"
EndProject
Global
	GlobalSection(SolutionConfigurationPlatforms) = preSolution
		Debug|Any CPU = Debug|Any CPU
		Debug|x64 = Debug|x64
		Debug|x86 = Debug|x86
		Release|Any CPU = Release|Any CPU
		Release|x64 = Release|x64
		Release|x86 = Release|x86
	EndGlobalSection
	GlobalSection(ProjectConfigurationPlatforms) = postSolution
		{50DB4FCD-71D8-4A0E-AFD1-61D4A8657737}.Debug|Any CPU.ActiveCfg = Debug|Any CPU
		{50DB4FCD-71D8-4A0E-AFD1-61D4A8657737}.Debug|Any CPU.Build.0 = Debug|Any CPU
		{50DB4FCD-71D8-4A0E-AFD1-61D4A8657737}.Debug|x64.ActiveCfg = Debug|Any CPU
		{50DB4FCD-71D8-4A0E-AFD1-61D4A8657737}.Debug|x64.Build.0 = Debug|Any CPU
		{50DB4FCD-71D8-4A0E-AFD1-61D4A8657737}.Debug|x86.ActiveCfg = Debug|Any CPU
		{50DB4FCD-71D8-4A0E-AFD1-61D4A8657737}.Debug|x86.Build.0 = Debug|Any CPU
		{50DB4FCD-71D8-4A0E-AFD1-61D4A8657737}.Release|Any CPU.ActiveCfg = Release|Any CPU
		{50DB4FCD-71D8-4A0E-AFD1-61D4A8657737}.Release|Any CPU.Build.0 = Release|Any CPU
		{50DB4FCD-71D8-4A0E-AFD1-61D4A8657737}.Release|x64.ActiveCfg = Release|Any CPU
		{50DB4FCD-71D8-4A0E-AFD1-61D4A8657737}.Release|x64.Build.0 = Release|Any CPU
		{50DB4FCD-71D8-4A0E-AFD1-61D4A8657737}.Release|x86.ActiveCfg = Release|Any CPU
		{50DB4FCD-71D8-4A0E-AFD1-61D4A8657737}.Release|x86.Build.0 = Release|Any CPU
		{FB2B52D3-A2C9-4B6D-8823-79C4EB166177}.Debug|Any CPU.ActiveCfg = Debug|Any CPU
		{FB2B52D3-A2C9-4B6D-8823-79C4EB166177}.Debug|Any CPU.Build.0 = Debug|Any CPU
		{FB2B52D3-A2C9-4B6D-8823-79C4EB166177}.Debug|x64.ActiveCfg = Debug|Any CPU
		{FB2B52D3-A2C9-4B6D-8823-79C4EB166177}.Debug|x64.Build.0 = Debug|Any CPU
		{FB2B52D3-A2C9-4B6D-8823-79C4EB166177}.Debug|x86.ActiveCfg = Debug|Any CPU
		{FB2B52D3-A2C9-4B6D-8823-79C4EB166177}.Debug|x86.Build.0 = Debug|Any CPU
		{FB2B52D3-A2C9-4B6D-8823-79C4EB166177}.Release|Any CPU.ActiveCfg = Release|Any CPU
		{FB2B52D3-A2C9-4B6D-8823-79C4EB166177}.Release|Any CPU.Build.0 = Release|Any CPU
		{FB2B52D3-A2C9-4B6D-8823-79C4EB166177}.Release|x64.ActiveCfg = Release|Any CPU
		{FB2B52D3-A2C9-4B6D-8823-79C4EB166177}.Release|x64.Build.0 = Release|Any CPU
		{FB2B52D3-A2C9-4B6D-8823-79C4EB166177}.Release|x86.ActiveCfg = Release|Any CPU
		{FB2B52D3-A2C9-4B6D-8823-79C4EB166177}.Release|x86.Build.0 = Release|Any CPU
		{9E95D101-0D13-4387-883D-53BCE2D92FBD}.Debug|Any CPU.ActiveCfg = Debug|Any CPU
		{9E95D101-0D13-4387-883D-53BCE2D92FBD}.Debug|Any CPU.Build.0 = Debug|Any CPU
		{9E95D101-0D13-4387-883D-53BCE2D92FBD}.Debug|x64.ActiveCfg = Debug|Any CPU
		{9E95D101-0D13-4387-883D-53BCE2D92FBD}.Debug|x64.Build.0 = Debug|Any CPU
		{9E95D101-0D13-4387-883D-53BCE2D92FBD}.Debug|x86.ActiveCfg = Debug|Any CPU
		{9E95D101-0D13-4387-883D-53BCE2D92FBD}.Debug|x86.Build.0 = Debug|Any CPU
		{9E95D101-0D13-4387-883D-53BCE2D92FBD}.Release|Any CPU.ActiveCfg = Release|Any CPU
		{9E95D101-0D13-4387-883D-53BCE2D92FBD}.Release|Any CPU.Build.0 = Release|Any CPU
		{9E95D101-0D13-4387-883D-53BCE2D92FBD}.Release|x64.ActiveCfg = Release|Any CPU
		{9E95D101-0D13-4387-883D-53BCE2D92FBD}.Release|x64.Build.0 = Release|Any CPU
		{9E95D101-0D13-4387-883D-53BCE2D92FBD}.Release|x86.ActiveCfg = Release|Any CPU
		{9E95D101-0D13-4387-883D-53BCE2D92FBD}.Release|x86.Build.0 = Release|Any CPU
	EndGlobalSection
	GlobalSection(SolutionProperties) = preSolution
		HideSolutionNode = FALSE
	EndGlobalSection
	GlobalSection(NestedProjects) = preSolution
		{50DB4FCD-71D8-4A0E-AFD1-61D4A8657737} = {827E0CD3-B72D-47B6-A68D-7590B98EB39B}
		{FB2B52D3-A2C9-4B6D-8823-79C4EB166177} = {827E0CD3-B72D-47B6-A68D-7590B98EB39B}
		{9E95D101-0D13-4387-883D-53BCE2D92FBD} = {827E0CD3-B72D-47B6-A68D-7590B98EB39B}
	EndGlobalSection
EndGlobal
