
Microsoft Visual Studio Solution File, Format Version 12.00
# Visual Studio Version 17
VisualStudioVersion = 17.0.31903.59
MinimumVisualStudioVersion = 10.0.40219.1
Project("{2150E333-8FDC-42A3-9474-1A3956D46DE8}") = "src", "src", "{827E0CD3-B72D-47B6-A68D-7590B98EB39B}"
EndProject
Project("{FAE04EC0-301F-11D3-BF4B-00C04F79EFBC}") = "Hw5.SearchIndex", "src\Hw5.SearchIndex\Hw5.SearchIndex.csproj", "{94132898-AB71-4157-85BF-7632295D8B17}"
EndProject
Project("{2150E333-8FDC-42A3-9474-1A3956D46DE8}") = "tests", "tests", "{0AB3BF05-4346-4AA6-1389-037BE0695223}"
EndProject
Project("{FAE04EC0-301F-11D3-BF4B-00C04F79EFBC}") = "Hw5.SearchIndex.Tests", "tests\Hw5.SearchIndex.Tests\Hw5.SearchIndex.Tests.csproj", "{1D903CB2-5373-41E6-BD16-C7DDF1EDB5C2}"
EndProject
Project("{2150E333-8FDC-42A3-9474-1A3956D46DE8}") = "benchmarks", "benchmarks", "{66320409-64EC-F7C5-3DEF-65E7510DAAD1}"
EndProject
Project("{FAE04EC0-301F-11D3-BF4B-00C04F79EFBC}") = "Hw5.Benchmarks", "benchmarks\Hw5.Benchmarks\Hw5.Benchmarks.csproj", "{FCFB065F-B5AB-41B8-AABA-CDC277216B01}"
EndProject
Project("{2150E333-8FDC-42A3-9474-1A3956D46DE8}") = "apps", "apps", "{1787FE1D-075E-9E68-7218-25F1BD1BBEAB}"
EndProject
Project("{FAE04EC0-301F-11D3-BF4B-00C04F79EFBC}") = "Hw5.SearchCli", "apps\Hw5.SearchCli\Hw5.SearchCli.csproj", "{F6C84658-E6BD-43FE-8896-1BFCD66FDB2D}"
EndProject
Project("{2150E333-8FDC-42A3-9474-1A3956D46DE8}") = "tools", "tools", "{07C2787E-EAC7-C090-1BA3-A61EC2A24D84}"
EndProject
Project("{FAE04EC0-301F-11D3-BF4B-00C04F79EFBC}") = "Hw5.ProfileRunner", "tools\Hw5.ProfileRunner\Hw5.ProfileRunner.csproj", "{F30C2AE1-3C72-4329-BB14-27EF632C3025}"
EndProject
Project("{FAE04EC0-301F-11D3-BF4B-00C04F79EFBC}") = "Hw5.CorpusPrep", "tools\Hw5.CorpusPrep\Hw5.CorpusPrep.csproj", "{351F7796-69E4-4AE2-9717-60D11C33ACC8}"
EndProject
Global
	GlobalSection(SolutionConfigurationPlatforms) = preSolution
		Debug|Any CPU = Debug|Any CPU
		Debug|x64 = Debug|x64
		Debug|x86 = Debug|x86
		Release|Any CPU = Release|Any CPU
		Release|x64 = Release|x64
		Release|x86 = Release|x86
	EndGlobalSection
	GlobalSection(ProjectConfigurationPlatforms) = postSolution
		{94132898-AB71-4157-85BF-7632295D8B17}.Debug|Any CPU.ActiveCfg = Debug|Any CPU
		{94132898-AB71-4157-85BF-7632295D8B17}.Debug|Any CPU.Build.0 = Debug|Any CPU
		{94132898-AB71-4157-85BF-7632295D8B17}.Debug|x64.ActiveCfg = Debug|Any CPU
		{94132898-AB71-4157-85BF-7632295D8B17}.Debug|x64.Build.0 = Debug|Any CPU
		{94132898-AB71-4157-85BF-7632295D8B17}.Debug|x86.ActiveCfg = Debug|Any CPU
		{94132898-AB71-4157-85BF-7632295D8B17}.Debug|x86.Build.0 = Debug|Any CPU
		{94132898-AB71-4157-85BF-7632295D8B17}.Release|Any CPU.ActiveCfg = Release|Any CPU
		{94132898-AB71-4157-85BF-7632295D8B17}.Release|Any CPU.Build.0 = Release|Any CPU
		{94132898-AB71-4157-85BF-7632295D8B17}.Release|x64.ActiveCfg = Release|Any CPU
		{94132898-AB71-4157-85BF-7632295D8B17}.Release|x64.Build.0 = Release|Any CPU
		{94132898-AB71-4157-85BF-7632295D8B17}.Release|x86.ActiveCfg = Release|Any CPU
		{94132898-AB71-4157-85BF-7632295D8B17}.Release|x86.Build.0 = Release|Any CPU
		{1D903CB2-5373-41E6-BD16-C7DDF1EDB5C2}.Debug|Any CPU.ActiveCfg = Debug|Any CPU
		{1D903CB2-5373-41E6-BD16-C7DDF1EDB5C2}.Debug|Any CPU.Build.0 = Debug|Any CPU
		{1D903CB2-5373-41E6-BD16-C7DDF1EDB5C2}.Debug|x64.ActiveCfg = Debug|Any CPU
		{1D903CB2-5373-41E6-BD16-C7DDF1EDB5C2}.Debug|x64.Build.0 = Debug|Any CPU
		{1D903CB2-5373-41E6-BD16-C7DDF1EDB5C2}.Debug|x86.ActiveCfg = Debug|Any CPU
		{1D903CB2-5373-41E6-BD16-C7DDF1EDB5C2}.Debug|x86.Build.0 = Debug|Any CPU
		{1D903CB2-5373-41E6-BD16-C7DDF1EDB5C2}.Release|Any CPU.ActiveCfg = Release|Any CPU
		{1D903CB2-5373-41E6-BD16-C7DDF1EDB5C2}.Release|Any CPU.Build.0 = Release|Any CPU
		{1D903CB2-5373-41E6-BD16-C7DDF1EDB5C2}.Release|x64.ActiveCfg = Release|Any CPU
		{1D903CB2-5373-41E6-BD16-C7DDF1EDB5C2}.Release|x64.Build.0 = Release|Any CPU
		{1D903CB2-5373-41E6-BD16-C7DDF1EDB5C2}.Release|x86.ActiveCfg = Release|Any CPU
		{1D903CB2-5373-41E6-BD16-C7DDF1EDB5C2}.Release|x86.Build.0 = Release|Any CPU
		{FCFB065F-B5AB-41B8-AABA-CDC277216B01}.Debug|Any CPU.ActiveCfg = Debug|Any CPU
		{FCFB065F-B5AB-41B8-AABA-CDC277216B01}.Debug|Any CPU.Build.0 = Debug|Any CPU
		{FCFB065F-B5AB-41B8-AABA-CDC277216B01}.Debug|x64.ActiveCfg = Debug|Any CPU
		{FCFB065F-B5AB-41B8-AABA-CDC277216B01}.Debug|x64.Build.0 = Debug|Any CPU
		{FCFB065F-B5AB-41B8-AABA-CDC277216B01}.Debug|x86.ActiveCfg = Debug|Any CPU
		{FCFB065F-B5AB-41B8-AABA-CDC277216B01}.Debug|x86.Build.0 = Debug|Any CPU
		{FCFB065F-B5AB-41B8-AABA-CDC277216B01}.Release|Any CPU.ActiveCfg = Release|Any CPU
		{FCFB065F-B5AB-41B8-AABA-CDC277216B01}.Release|Any CPU.Build.0 = Release|Any CPU
		{FCFB065F-B5AB-41B8-AABA-CDC277216B01}.Release|x64.ActiveCfg = Release|Any CPU
		{FCFB065F-B5AB-41B8-AABA-CDC277216B01}.Release|x64.Build.0 = Release|Any CPU
		{FCFB065F-B5AB-41B8-AABA-CDC277216B01}.Release|x86.ActiveCfg = Release|Any CPU
		{FCFB065F-B5AB-41B8-AABA-CDC277216B01}.Release|x86.Build.0 = Release|Any CPU
		{F6C84658-E6BD-43FE-8896-1BFCD66FDB2D}.Debug|Any CPU.ActiveCfg = Debug|Any CPU
		{F6C84658-E6BD-43FE-8896-1BFCD66FDB2D}.Debug|Any CPU.Build.0 = Debug|Any CPU
		{F6C84658-E6BD-43FE-8896-1BFCD66FDB2D}.Debug|x64.ActiveCfg = Debug|Any CPU
		{F6C84658-E6BD-43FE-8896-1BFCD66FDB2D}.Debug|x64.Build.0 = Debug|Any CPU
		{F6C84658-E6BD-43FE-8896-1BFCD66FDB2D}.Debug|x86.ActiveCfg = Debug|Any CPU
		{F6C84658-E6BD-43FE-8896-1BFCD66FDB2D}.Debug|x86.Build.0 = Debug|Any CPU
		{F6C84658-E6BD-43FE-8896-1BFCD66FDB2D}.Release|Any CPU.ActiveCfg = Release|Any CPU
		{F6C84658-E6BD-43FE-8896-1BFCD66FDB2D}.Release|Any CPU.Build.0 = Release|Any CPU
		{F6C84658-E6BD-43FE-8896-1BFCD66FDB2D}.Release|x64.ActiveCfg = Release|Any CPU
		{F6C84658-E6BD-43FE-8896-1BFCD66FDB2D}.Release|x64.Build.0 = Release|Any CPU
		{F6C84658-E6BD-43FE-8896-1BFCD66FDB2D}.Release|x86.ActiveCfg = Release|Any CPU
		{F6C84658-E6BD-43FE-8896-1BFCD66FDB2D}.Release|x86.Build.0 = Release|Any CPU
		{F30C2AE1-3C72-4329-BB14-27EF632C3025}.Debug|Any CPU.ActiveCfg = Debug|Any CPU
		{F30C2AE1-3C72-4329-BB14-27EF632C3025}.Debug|Any CPU.Build.0 = Debug|Any CPU
		{F30C2AE1-3C72-4329-BB14-27EF632C3025}.Debug|x64.ActiveCfg = Debug|Any CPU
		{F30C2AE1-3C72-4329-BB14-27EF632C3025}.Debug|x64.Build.0 = Debug|Any CPU
		{F30C2AE1-3C72-4329-BB14-27EF632C3025}.Debug|x86.ActiveCfg = Debug|Any CPU
		{F30C2AE1-3C72-4329-BB14-27EF632C3025}.Debug|x86.Build.0 = Debug|Any CPU
		{F30C2AE1-3C72-4329-BB14-27EF632C3025}.Release|Any CPU.ActiveCfg = Release|Any CPU
		{F30C2AE1-3C72-4329-BB14-27EF632C3025}.Release|Any CPU.Build.0 = Release|Any CPU
		{F30C2AE1-3C72-4329-BB14-27EF632C3025}.Release|x64.ActiveCfg = Release|Any CPU
		{F30C2AE1-3C72-4329-BB14-27EF632C3025}.Release|x64.Build.0 = Release|Any CPU
		{F30C2AE1-3C72-4329-BB14-27EF632C3025}.Release|x86.ActiveCfg = Release|Any CPU
		{F30C2AE1-3C72-4329-BB14-27EF632C3025}.Release|x86.Build.0 = Release|Any CPU
		{351F7796-69E4-4AE2-9717-60D11C33ACC8}.Debug|Any CPU.ActiveCfg = Debug|Any CPU
		{351F7796-69E4-4AE2-9717-60D11C33ACC8}.Debug|Any CPU.Build.0 = Debug|Any CPU
		{351F7796-69E4-4AE2-9717-60D11C33ACC8}.Debug|x64.ActiveCfg = Debug|Any CPU
		{351F7796-69E4-4AE2-9717-60D11C33ACC8}.Debug|x64.Build.0 = Debug|Any CPU
		{351F7796-69E4-4AE2-9717-60D11C33ACC8}.Debug|x86.ActiveCfg = Debug|Any CPU
		{351F7796-69E4-4AE2-9717-60D11C33ACC8}.Debug|x86.Build.0 = Debug|Any CPU
		{351F7796-69E4-4AE2-9717-60D11C33ACC8}.Release|Any CPU.ActiveCfg = Release|Any CPU
		{351F7796-69E4-4AE2-9717-60D11C33ACC8}.Release|Any CPU.Build.0 = Release|Any CPU
		{351F7796-69E4-4AE2-9717-60D11C33ACC8}.Release|x64.ActiveCfg = Release|Any CPU
		{351F7796-69E4-4AE2-9717-60D11C33ACC8}.Release|x64.Build.0 = Release|Any CPU
		{351F7796-69E4-4AE2-9717-60D11C33ACC8}.Release|x86.ActiveCfg = Release|Any CPU
		{351F7796-69E4-4AE2-9717-60D11C33ACC8}.Release|x86.Build.0 = Release|Any CPU
	EndGlobalSection
	GlobalSection(SolutionProperties) = preSolution
		HideSolutionNode = FALSE
	EndGlobalSection
	GlobalSection(NestedProjects) = preSolution
		{94132898-AB71-4157-85BF-7632295D8B17} = {827E0CD3-B72D-47B6-A68D-7590B98EB39B}
		{1D903CB2-5373-41E6-BD16-C7DDF1EDB5C2} = {0AB3BF05-4346-4AA6-1389-037BE0695223}
		{FCFB065F-B5AB-41B8-AABA-CDC277216B01} = {66320409-64EC-F7C5-3DEF-65E7510DAAD1}
		{F6C84658-E6BD-43FE-8896-1BFCD66FDB2D} = {1787FE1D-075E-9E68-7218-25F1BD1BBEAB}
		{F30C2AE1-3C72-4329-BB14-27EF632C3025} = {07C2787E-EAC7-C090-1BA3-A61EC2A24D84}
		{351F7796-69E4-4AE2-9717-60D11C33ACC8} = {07C2787E-EAC7-C090-1BA3-A61EC2A24D84}
	EndGlobalSection
EndGlobal
